
Microsoft Visual Studio Solution File, Format Version 10.00
# Visual Studio 2008
Project("{8BC9CEB8-8B4A-11D0-8D11-00A0C91BC942}") = "yelpCodeTest", "yelpCodeTest\yelpCodeTest.vcproj", "{1A4FF371-5FA6-4576-AF42-C767C5BC01AF}"
EndProject
Global
	GlobalSection(SolutionConfigurationPlatforms) = preSolution
		Debug|Win32 = Debug|Win32
		Release|Win32 = Release|Win32
	EndGlobalSection
	GlobalSection(ProjectConfigurationPlatforms) = postSolution
		{1A4FF371-5FA6-4576-AF42-C767C5BC01AF}.Debug|Win32.ActiveCfg = Debug|Win32
		{1A4FF371-5FA6-4576-AF42-C767C5BC01AF}.Debug|Win32.Build.0 = Debug|Win32
		{1A4FF371-5FA6-4576-AF42-C767C5BC01AF}.Release|Win32.ActiveCfg = Release|Win32
		{1A4FF371-5FA6-4576-AF42-C767C5BC01AF}.Release|Win32.Build.0 = Release|Win32
	EndGlobalSection
	GlobalSection(SolutionProperties) = preSolution
		HideSolutionNode = FALSE
	EndGlobalSection
EndGlobal
